
Microsoft Visual Studio Solution File, Format Version 12.00
# Visual Studio Version 17
VisualStudioVersion = 17.3.32929.385
MinimumVisualStudioVersion = 10.0.40219.1
Project("{FAE04EC0-301F-11D3-BF4B-00C04F79EFBC}") = "Ninject", "Ninject\Ninject.csproj", "{97571859-BC9F-4B2C-B978-5CCBA93EB7A5}"
EndProject
Global
	GlobalSection(SolutionConfigurationPlatforms) = preSolution
		Debug|Any CPU = Debug|Any CPU
		Release|Any CPU = Release|Any CPU
	EndGlobalSection
	GlobalSection(ProjectConfigurationPlatforms) = postSolution
		{97571859-BC9F-4B2C-B978-5CCBA93EB7A5}.Debug|Any CPU.ActiveCfg = Debug|Any CPU
		{97571859-BC9F-4B2C-B978-5CCBA93EB7A5}.Debug|Any CPU.Build.0 = Debug|Any CPU
		{97571859-BC9F-4B2C-B978-5CCBA93EB7A5}.Release|Any CPU.ActiveCfg = Release|Any CPU
		{97571859-BC9F-4B2C-B978-5CCBA93EB7A5}.Release|Any CPU.Build.0 = Release|Any CPU
	EndGlobalSection
	GlobalSection(SolutionProperties) = preSolution
		HideSolutionNode = FALSE
	EndGlobalSection
	GlobalSection(ExtensibilityGlobals) = postSolution
		SolutionGuid = {45F41120-6A2B-429E-9E3C-A4122299A6EB}
	EndGlobalSection
EndGlobal
